
Microsoft Visual Studio Solution File, Format Version 12.00
# Visual Studio 15
VisualStudioVersion = 15.0.28010.2036
MinimumVisualStudioVersion = 10.0.40219.1
Project("{FAE04EC0-301F-11D3-BF4B-00C04F79EFBC}") = "SimpleRPG", "SimpleRPG.csproj", "{68CA7238-9CD5-488A-9157-503553A7DB36}"
EndProject
Project("{FAE04EC0-301F-11D3-BF4B-00C04F79EFBC}") = "GameEngine", "..\GameEngine\GameEngine.csproj", "{8C415B0C-C3BA-49C2-B547-696137D30503}"
EndProject
Global
	GlobalSection(SolutionConfigurationPlatforms) = preSolution
		Debug|Any CPU = Debug|Any CPU
		Release|Any CPU = Release|Any CPU
	EndGlobalSection
	GlobalSection(ProjectConfigurationPlatforms) = postSolution
		{68CA7238-9CD5-488A-9157-503553A7DB36}.Debug|Any CPU.ActiveCfg = Debug|Any CPU
		{68CA7238-9CD5-488A-9157-503553A7DB36}.Debug|Any CPU.Build.0 = Debug|Any CPU
		{68CA7238-9CD5-488A-9157-503553A7DB36}.Release|Any CPU.ActiveCfg = Release|Any CPU
		{68CA7238-9CD5-488A-9157-503553A7DB36}.Release|Any CPU.Build.0 = Release|Any CPU
		{8C415B0C-C3BA-49C2-B547-696137D30503}.Debug|Any CPU.ActiveCfg = Debug|Any CPU
		{8C415B0C-C3BA-49C2-B547-696137D30503}.Debug|Any CPU.Build.0 = Debug|Any CPU
		{8C415B0C-C3BA-49C2-B547-696137D30503}.Release|Any CPU.ActiveCfg = Release|Any CPU
		{8C415B0C-C3BA-49C2-B547-696137D30503}.Release|Any CPU.Build.0 = Release|Any CPU
	EndGlobalSection
	GlobalSection(SolutionProperties) = preSolution
		HideSolutionNode = FALSE
	EndGlobalSection
	GlobalSection(ExtensibilityGlobals) = postSolution
		SolutionGuid = {F35BE949-2B99-44E9-8955-94F72D97AE65}
	EndGlobalSection
EndGlobal
