
Microsoft Visual Studio Solution File, Format Version 12.00
# Visual Studio Version 16
VisualStudioVersion = 16.0.29001.49
MinimumVisualStudioVersion = 10.0.40219.1
Project("{888888A0-9F3D-457C-B088-3A5042F75D52}") = "PythonSimpleNeuralNet", "PythonSimpleNeuralNet\PythonSimpleNeuralNet.pyproj", "{B469F6BA-9794-4B0B-B93E-6687560D657C}"
EndProject
Global
	GlobalSection(SolutionConfigurationPlatforms) = preSolution
		Debug|Any CPU = Debug|Any CPU
		Release|Any CPU = Release|Any CPU
	EndGlobalSection
	GlobalSection(ProjectConfigurationPlatforms) = postSolution
		{B469F6BA-9794-4B0B-B93E-6687560D657C}.Debug|Any CPU.ActiveCfg = Debug|Any CPU
		{B469F6BA-9794-4B0B-B93E-6687560D657C}.Release|Any CPU.ActiveCfg = Release|Any CPU
	EndGlobalSection
	GlobalSection(SolutionProperties) = preSolution
		HideSolutionNode = FALSE
	EndGlobalSection
	GlobalSection(ExtensibilityGlobals) = postSolution
		SolutionGuid = {39EDA3D1-6AFC-424F-84CE-5D0EF1A876C8}
	EndGlobalSection
EndGlobal
